
Microsoft Visual Studio Solution File, Format Version 12.00
# Visual Studio Version 16
VisualStudioVersion = 16.0.30907.101
MinimumVisualStudioVersion = 10.0.40219.1
Project("{FAE04EC0-301F-11D3-BF4B-00C04F79EFBC}") = "WebApiAspNetCore5", "WebApiAspNetCore5\WebApiAspNetCore5.csproj", "{D9FE5D7B-FB39-445D-9A85-26EFA5E93422}"
EndProject
Global
	GlobalSection(SolutionConfigurationPlatforms) = preSolution
		Debug|Any CPU = Debug|Any CPU
		Release|Any CPU = Release|Any CPU
	EndGlobalSection
	GlobalSection(ProjectConfigurationPlatforms) = postSolution
		{D9FE5D7B-FB39-445D-9A85-26EFA5E93422}.Debug|Any CPU.ActiveCfg = Debug|Any CPU
		{D9FE5D7B-FB39-445D-9A85-26EFA5E93422}.Debug|Any CPU.Build.0 = Debug|Any CPU
		{D9FE5D7B-FB39-445D-9A85-26EFA5E93422}.Release|Any CPU.ActiveCfg = Release|Any CPU
		{D9FE5D7B-FB39-445D-9A85-26EFA5E93422}.Release|Any CPU.Build.0 = Release|Any CPU
	EndGlobalSection
	GlobalSection(SolutionProperties) = preSolution
		HideSolutionNode = FALSE
	EndGlobalSection
	GlobalSection(ExtensibilityGlobals) = postSolution
		SolutionGuid = {1038EB35-0508-4867-AC44-D351406A53CB}
	EndGlobalSection
EndGlobal
